
Microsoft Visual Studio Solution File, Format Version 12.00
# Visual Studio Version 16
VisualStudioVersion = 16.0.29306.81
MinimumVisualStudioVersion = 10.0.40219.1
Project("{FAE04EC0-301F-11D3-BF4B-00C04F79EFBC}") = "HW_01_Task1", "HW_01_Task1\HW_01_Task1.csproj", "{4921CD99-C608-4DEC-A367-211C1E1C1762}"
EndProject
Global
	GlobalSection(SolutionConfigurationPlatforms) = preSolution
		Debug|Any CPU = Debug|Any CPU
		Release|Any CPU = Release|Any CPU
	EndGlobalSection
	GlobalSection(ProjectConfigurationPlatforms) = postSolution
		{4921CD99-C608-4DEC-A367-211C1E1C1762}.Debug|Any CPU.ActiveCfg = Debug|Any CPU
		{4921CD99-C608-4DEC-A367-211C1E1C1762}.Debug|Any CPU.Build.0 = Debug|Any CPU
		{4921CD99-C608-4DEC-A367-211C1E1C1762}.Release|Any CPU.ActiveCfg = Release|Any CPU
		{4921CD99-C608-4DEC-A367-211C1E1C1762}.Release|Any CPU.Build.0 = Release|Any CPU
	EndGlobalSection
	GlobalSection(SolutionProperties) = preSolution
		HideSolutionNode = FALSE
	EndGlobalSection
	GlobalSection(ExtensibilityGlobals) = postSolution
		SolutionGuid = {2AAF6D14-71E5-4C55-BDD8-7E28B92F5EB1}
	EndGlobalSection
EndGlobal
